// !$*UTF8*$!
{
	archiveVersion = 1;
	classes = {
	};
	objectVersion = 56;
	objects = {

/* Begin PBXBuildFile section */
		30A3F3042BE0FA2E00C4079A /* UIColor+Extension.swift in Sources */ = {isa = PBXBuildFile; fileRef = 30A3F3032BE0FA2E00C4079A /* UIColor+Extension.swift */; };
		30A3F3062BE0FAF200C4079A /* Colors.swift in Sources */ = {isa = PBXBuildFile; fileRef = 30A3F3052BE0FAF200C4079A /* Colors.swift */; };
		30AC22C82BDFAF2000322749 /* AppDelegate.swift in Sources */ = {isa = PBXBuildFile; fileRef = 30AC22C72BDFAF2000322749 /* AppDelegate.swift */; };
		30AC22CA2BDFAF2000322749 /* SceneDelegate.swift in Sources */ = {isa = PBXBuildFile; fileRef = 30AC22C92BDFAF2000322749 /* SceneDelegate.swift */; };
		30AC22CC2BDFAF2000322749 /* ViewController.swift in Sources */ = {isa = PBXBuildFile; fileRef = 30AC22CB2BDFAF2000322749 /* ViewController.swift */; };
		30AC22D12BDFAF2100322749 /* Assets.xcassets in Resources */ = {isa = PBXBuildFile; fileRef = 30AC22D02BDFAF2100322749 /* Assets.xcassets */; };
		30AC22D42BDFAF2100322749 /* LaunchScreen.storyboard in Resources */ = {isa = PBXBuildFile; fileRef = 30AC22D22BDFAF2100322749 /* LaunchScreen.storyboard */; };
		30AC22ED2BDFB4CF00322749 /* Roboto-Medium.ttf in Resources */ = {isa = PBXBuildFile; fileRef = 30AC22E02BDFB4CF00322749 /* Roboto-Medium.ttf */; };
		30AC22EE2BDFB4CF00322749 /* Roboto-Light.ttf in Resources */ = {isa = PBXBuildFile; fileRef = 30AC22E12BDFB4CF00322749 /* Roboto-Light.ttf */; };
		30AC22EF2BDFB4CF00322749 /* Roboto-Regular.ttf in Resources */ = {isa = PBXBuildFile; fileRef = 30AC22E22BDFB4CF00322749 /* Roboto-Regular.ttf */; };
		30AC22F02BDFB4CF00322749 /* Roboto-MediumItalic.ttf in Resources */ = {isa = PBXBuildFile; fileRef = 30AC22E32BDFB4CF00322749 /* Roboto-MediumItalic.ttf */; };
		30AC22F12BDFB4CF00322749 /* Roboto-ThinItalic.ttf in Resources */ = {isa = PBXBuildFile; fileRef = 30AC22E42BDFB4CF00322749 /* Roboto-ThinItalic.ttf */; };
		30AC22F22BDFB4CF00322749 /* Roboto-BoldItalic.ttf in Resources */ = {isa = PBXBuildFile; fileRef = 30AC22E52BDFB4CF00322749 /* Roboto-BoldItalic.ttf */; };
		30AC22F32BDFB4CF00322749 /* Roboto-LightItalic.ttf in Resources */ = {isa = PBXBuildFile; fileRef = 30AC22E62BDFB4CF00322749 /* Roboto-LightItalic.ttf */; };
		30AC22F42BDFB4CF00322749 /* Roboto-Italic.ttf in Resources */ = {isa = PBXBuildFile; fileRef = 30AC22E72BDFB4CF00322749 /* Roboto-Italic.ttf */; };
		30AC22F52BDFB4CF00322749 /* LICENSE.txt in Resources */ = {isa = PBXBuildFile; fileRef = 30AC22E82BDFB4CF00322749 /* LICENSE.txt */; };
		30AC22F62BDFB4CF00322749 /* Roboto-BlackItalic.ttf in Resources */ = {isa = PBXBuildFile; fileRef = 30AC22E92BDFB4CF00322749 /* Roboto-BlackItalic.ttf */; };
		30AC22F72BDFB4CF00322749 /* Roboto-Bold.ttf in Resources */ = {isa = PBXBuildFile; fileRef = 30AC22EA2BDFB4CF00322749 /* Roboto-Bold.ttf */; };
		30AC22F82BDFB4CF00322749 /* Roboto-Thin.ttf in Resources */ = {isa = PBXBuildFile; fileRef = 30AC22EB2BDFB4CF00322749 /* Roboto-Thin.ttf */; };
		30AC22F92BDFB4CF00322749 /* Roboto-Black.ttf in Resources */ = {isa = PBXBuildFile; fileRef = 30AC22EC2BDFB4CF00322749 /* Roboto-Black.ttf */; };
		30AC22FC2BDFB54900322749 /* UIFont+Extension.swift in Sources */ = {isa = PBXBuildFile; fileRef = 30AC22FB2BDFB54900322749 /* UIFont+Extension.swift */; };
/* End PBXBuildFile section */

/* Begin PBXFileReference section */
		30A3F3032BE0FA2E00C4079A /* UIColor+Extension.swift */ = {isa = PBXFileReference; lastKnownFileType = sourcecode.swift; path = "UIColor+Extension.swift"; sourceTree = "<group>"; };
		30A3F3052BE0FAF200C4079A /* Colors.swift */ = {isa = PBXFileReference; lastKnownFileType = sourcecode.swift; path = Colors.swift; sourceTree = "<group>"; };
		30AC22C42BDFAF2000322749 /* FoodDeliveryTestApp.app */ = {isa = PBXFileReference; explicitFileType = wrapper.application; includeInIndex = 0; path = FoodDeliveryTestApp.app; sourceTree = BUILT_PRODUCTS_DIR; };
		30AC22C72BDFAF2000322749 /* AppDelegate.swift */ = {isa = PBXFileReference; lastKnownFileType = sourcecode.swift; path = AppDelegate.swift; sourceTree = "<group>"; };
		30AC22C92BDFAF2000322749 /* SceneDelegate.swift */ = {isa = PBXFileReference; lastKnownFileType = sourcecode.swift; path = SceneDelegate.swift; sourceTree = "<group>"; };
		30AC22CB2BDFAF2000322749 /* ViewController.swift */ = {isa = PBXFileReference; lastKnownFileType = sourcecode.swift; path = ViewController.swift; sourceTree = "<group>"; };
		30AC22D02BDFAF2100322749 /* Assets.xcassets */ = {isa = PBXFileReference; lastKnownFileType = folder.assetcatalog; path = Assets.xcassets; sourceTree = "<group>"; };
		30AC22D32BDFAF2100322749 /* Base */ = {isa = PBXFileReference; lastKnownFileType = file.storyboard; name = Base; path = Base.lproj/LaunchScreen.storyboard; sourceTree = "<group>"; };
		30AC22D52BDFAF2100322749 /* Info.plist */ = {isa = PBXFileReference; lastKnownFileType = text.plist.xml; path = Info.plist; sourceTree = "<group>"; };
		30AC22E02BDFB4CF00322749 /* Roboto-Medium.ttf */ = {isa = PBXFileReference; lastKnownFileType = file; path = "Roboto-Medium.ttf"; sourceTree = "<group>"; };
		30AC22E12BDFB4CF00322749 /* Roboto-Light.ttf */ = {isa = PBXFileReference; lastKnownFileType = file; path = "Roboto-Light.ttf"; sourceTree = "<group>"; };
		30AC22E22BDFB4CF00322749 /* Roboto-Regular.ttf */ = {isa = PBXFileReference; lastKnownFileType = file; path = "Roboto-Regular.ttf"; sourceTree = "<group>"; };
		30AC22E32BDFB4CF00322749 /* Roboto-MediumItalic.ttf */ = {isa = PBXFileReference; lastKnownFileType = file; path = "Roboto-MediumItalic.ttf"; sourceTree = "<group>"; };
		30AC22E42BDFB4CF00322749 /* Roboto-ThinItalic.ttf */ = {isa = PBXFileReference; lastKnownFileType = file; path = "Roboto-ThinItalic.ttf"; sourceTree = "<group>"; };
		30AC22E52BDFB4CF00322749 /* Roboto-BoldItalic.ttf */ = {isa = PBXFileReference; lastKnownFileType = file; path = "Roboto-BoldItalic.ttf"; sourceTree = "<group>"; };
		30AC22E62BDFB4CF00322749 /* Roboto-LightItalic.ttf */ = {isa = PBXFileReference; lastKnownFileType = file; path = "Roboto-LightItalic.ttf"; sourceTree = "<group>"; };
		30AC22E72BDFB4CF00322749 /* Roboto-Italic.ttf */ = {isa = PBXFileReference; lastKnownFileType = file; path = "Roboto-Italic.ttf"; sourceTree = "<group>"; };
		30AC22E82BDFB4CF00322749 /* LICENSE.txt */ = {isa = PBXFileReference; fileEncoding = 4; lastKnownFileType = text; path = LICENSE.txt; sourceTree = "<group>"; };
		30AC22E92BDFB4CF00322749 /* Roboto-BlackItalic.ttf */ = {isa = PBXFileReference; lastKnownFileType = file; path = "Roboto-BlackItalic.ttf"; sourceTree = "<group>"; };
		30AC22EA2BDFB4CF00322749 /* Roboto-Bold.ttf */ = {isa = PBXFileReference; lastKnownFileType = file; path = "Roboto-Bold.ttf"; sourceTree = "<group>"; };
		30AC22EB2BDFB4CF00322749 /* Roboto-Thin.ttf */ = {isa = PBXFileReference; lastKnownFileType = file; path = "Roboto-Thin.ttf"; sourceTree = "<group>"; };
		30AC22EC2BDFB4CF00322749 /* Roboto-Black.ttf */ = {isa = PBXFileReference; lastKnownFileType = file; path = "Roboto-Black.ttf"; sourceTree = "<group>"; };
		30AC22FB2BDFB54900322749 /* UIFont+Extension.swift */ = {isa = PBXFileReference; lastKnownFileType = sourcecode.swift; path = "UIFont+Extension.swift"; sourceTree = "<group>"; };
/* End PBXFileReference section */

/* Begin PBXFrameworksBuildPhase section */
		30AC22C12BDFAF2000322749 /* Frameworks */ = {
			isa = PBXFrameworksBuildPhase;
			buildActionMask = 2147483647;
			files = (
			);
			runOnlyForDeploymentPostprocessing = 0;
		};
/* End PBXFrameworksBuildPhase section */

/* Begin PBXGroup section */
		30AC22BB2BDFAF2000322749 = {
			isa = PBXGroup;
			children = (
				30AC22C62BDFAF2000322749 /* FoodDeliveryTestApp */,
				30AC22C52BDFAF2000322749 /* Products */,
			);
			sourceTree = "<group>";
		};
		30AC22C52BDFAF2000322749 /* Products */ = {
			isa = PBXGroup;
			children = (
				30AC22C42BDFAF2000322749 /* FoodDeliveryTestApp.app */,
			);
			name = Products;
			sourceTree = "<group>";
		};
		30AC22C62BDFAF2000322749 /* FoodDeliveryTestApp */ = {
			isa = PBXGroup;
			children = (
				30AC22DB2BDFB34100322749 /* Resources */,
				30AC22C72BDFAF2000322749 /* AppDelegate.swift */,
				30AC22C92BDFAF2000322749 /* SceneDelegate.swift */,
				30AC22CB2BDFAF2000322749 /* ViewController.swift */,
				30AC22D02BDFAF2100322749 /* Assets.xcassets */,
				30AC22D22BDFAF2100322749 /* LaunchScreen.storyboard */,
				30AC22D52BDFAF2100322749 /* Info.plist */,
			);
			path = FoodDeliveryTestApp;
			sourceTree = "<group>";
		};
		30AC22DB2BDFB34100322749 /* Resources */ = {
			isa = PBXGroup;
			children = (
				30AC22FA2BDFB51F00322749 /* Extensions */,
				30AC22DC2BDFB36500322749 /* Fonts */,
				30A3F3052BE0FAF200C4079A /* Colors.swift */,
			);
			path = Resources;
			sourceTree = "<group>";
		};
		30AC22DC2BDFB36500322749 /* Fonts */ = {
			isa = PBXGroup;
			children = (
				30AC22DF2BDFB4CF00322749 /* Roboto */,
			);
			path = Fonts;
			sourceTree = "<group>";
		};
		30AC22DF2BDFB4CF00322749 /* Roboto */ = {
			isa = PBXGroup;
			children = (
				30AC22E02BDFB4CF00322749 /* Roboto-Medium.ttf */,
				30AC22E12BDFB4CF00322749 /* Roboto-Light.ttf */,
				30AC22E22BDFB4CF00322749 /* Roboto-Regular.ttf */,
				30AC22E32BDFB4CF00322749 /* Roboto-MediumItalic.ttf */,
				30AC22E42BDFB4CF00322749 /* Roboto-ThinItalic.ttf */,
				30AC22E52BDFB4CF00322749 /* Roboto-BoldItalic.ttf */,
				30AC22E62BDFB4CF00322749 /* Roboto-LightItalic.ttf */,
				30AC22E72BDFB4CF00322749 /* Roboto-Italic.ttf */,
				30AC22E82BDFB4CF00322749 /* LICENSE.txt */,
				30AC22E92BDFB4CF00322749 /* Roboto-BlackItalic.ttf */,
				30AC22EA2BDFB4CF00322749 /* Roboto-Bold.ttf */,
				30AC22EB2BDFB4CF00322749 /* Roboto-Thin.ttf */,
				30AC22EC2BDFB4CF00322749 /* Roboto-Black.ttf */,
			);
			path = Roboto;
			sourceTree = "<group>";
		};
		30AC22FA2BDFB51F00322749 /* Extensions */ = {
			isa = PBXGroup;
			children = (
				30AC22FB2BDFB54900322749 /* UIFont+Extension.swift */,
				30A3F3032BE0FA2E00C4079A /* UIColor+Extension.swift */,
			);
			path = Extensions;
			sourceTree = "<group>";
		};
/* End PBXGroup section */

/* Begin PBXNativeTarget section */
		30AC22C32BDFAF2000322749 /* FoodDeliveryTestApp */ = {
			isa = PBXNativeTarget;
			buildConfigurationList = 30AC22D82BDFAF2100322749 /* Build configuration list for PBXNativeTarget "FoodDeliveryTestApp" */;
			buildPhases = (
				30AC22C02BDFAF2000322749 /* Sources */,
				30AC22C12BDFAF2000322749 /* Frameworks */,
				30AC22C22BDFAF2000322749 /* Resources */,
			);
			buildRules = (
			);
			dependencies = (
			);
			name = FoodDeliveryTestApp;
			productName = FoodDeliveryTestApp;
			productReference = 30AC22C42BDFAF2000322749 /* FoodDeliveryTestApp.app */;
			productType = "com.apple.product-type.application";
		};
/* End PBXNativeTarget section */

/* Begin PBXProject section */
		30AC22BC2BDFAF2000322749 /* Project object */ = {
			isa = PBXProject;
			attributes = {
				BuildIndependentTargetsInParallel = 1;
				LastSwiftUpdateCheck = 1430;
				LastUpgradeCheck = 1430;
				TargetAttributes = {
					30AC22C32BDFAF2000322749 = {
						CreatedOnToolsVersion = 14.3.1;
					};
				};
			};
			buildConfigurationList = 30AC22BF2BDFAF2000322749 /* Build configuration list for PBXProject "FoodDeliveryTestApp" */;
			compatibilityVersion = "Xcode 14.0";
			developmentRegion = en;
			hasScannedForEncodings = 0;
			knownRegions = (
				en,
				Base,
			);
			mainGroup = 30AC22BB2BDFAF2000322749;
			productRefGroup = 30AC22C52BDFAF2000322749 /* Products */;
			projectDirPath = "";
			projectRoot = "";
			targets = (
				30AC22C32BDFAF2000322749 /* FoodDeliveryTestApp */,
			);
		};
/* End PBXProject section */

/* Begin PBXResourcesBuildPhase section */
		30AC22C22BDFAF2000322749 /* Resources */ = {
			isa = PBXResourcesBuildPhase;
			buildActionMask = 2147483647;
			files = (
				30AC22F82BDFB4CF00322749 /* Roboto-Thin.ttf in Resources */,
				30AC22F52BDFB4CF00322749 /* LICENSE.txt in Resources */,
				30AC22F92BDFB4CF00322749 /* Roboto-Black.ttf in Resources */,
				30AC22F72BDFB4CF00322749 /* Roboto-Bold.ttf in Resources */,
				30AC22D42BDFAF2100322749 /* LaunchScreen.storyboard in Resources */,
				30AC22D12BDFAF2100322749 /* Assets.xcassets in Resources */,
				30AC22F22BDFB4CF00322749 /* Roboto-BoldItalic.ttf in Resources */,
				30AC22EF2BDFB4CF00322749 /* Roboto-Regular.ttf in Resources */,
				30AC22F12BDFB4CF00322749 /* Roboto-ThinItalic.ttf in Resources */,
				30AC22F32BDFB4CF00322749 /* Roboto-LightItalic.ttf in Resources */,
				30AC22F62BDFB4CF00322749 /* Roboto-BlackItalic.ttf in Resources */,
				30AC22EE2BDFB4CF00322749 /* Roboto-Light.ttf in Resources */,
				30AC22F42BDFB4CF00322749 /* Roboto-Italic.ttf in Resources */,
				30AC22F02BDFB4CF00322749 /* Roboto-MediumItalic.ttf in Resources */,
				30AC22ED2BDFB4CF00322749 /* Roboto-Medium.ttf in Resources */,
			);
			runOnlyForDeploymentPostprocessing = 0;
		};
/* End PBXResourcesBuildPhase section */

/* Begin PBXSourcesBuildPhase section */
		30AC22C02BDFAF2000322749 /* Sources */ = {
			isa = PBXSourcesBuildPhase;
			buildActionMask = 2147483647;
			files = (
				30AC22CC2BDFAF2000322749 /* ViewController.swift in Sources */,
				30A3F3062BE0FAF200C4079A /* Colors.swift in Sources */,
				30AC22C82BDFAF2000322749 /* AppDelegate.swift in Sources */,
				30AC22FC2BDFB54900322749 /* UIFont+Extension.swift in Sources */,
				30AC22CA2BDFAF2000322749 /* SceneDelegate.swift in Sources */,
				30A3F3042BE0FA2E00C4079A /* UIColor+Extension.swift in Sources */,
			);
			runOnlyForDeploymentPostprocessing = 0;
		};
/* End PBXSourcesBuildPhase section */

/* Begin PBXVariantGroup section */
		30AC22D22BDFAF2100322749 /* LaunchScreen.storyboard */ = {
			isa = PBXVariantGroup;
			children = (
				30AC22D32BDFAF2100322749 /* Base */,
			);
			name = LaunchScreen.storyboard;
			sourceTree = "<group>";
		};
/* End PBXVariantGroup section */

/* Begin XCBuildConfiguration section */
		30AC22D62BDFAF2100322749 /* Debug */ = {
			isa = XCBuildConfiguration;
			buildSettings = {
				ALWAYS_SEARCH_USER_PATHS = NO;
				CLANG_ANALYZER_NONNULL = YES;
				CLANG_ANALYZER_NUMBER_OBJECT_CONVERSION = YES_AGGRESSIVE;
				CLANG_CXX_LANGUAGE_STANDARD = "gnu++20";
				CLANG_ENABLE_MODULES = YES;
				CLANG_ENABLE_OBJC_ARC = YES;
				CLANG_ENABLE_OBJC_WEAK = YES;
				CLANG_WARN_BLOCK_CAPTURE_AUTORELEASING = YES;
				CLANG_WARN_BOOL_CONVERSION = YES;
				CLANG_WARN_COMMA = YES;
				CLANG_WARN_CONSTANT_CONVERSION = YES;
				CLANG_WARN_DEPRECATED_OBJC_IMPLEMENTATIONS = YES;
				CLANG_WARN_DIRECT_OBJC_ISA_USAGE = YES_ERROR;
				CLANG_WARN_DOCUMENTATION_COMMENTS = YES;
				CLANG_WARN_EMPTY_BODY = YES;
				CLANG_WARN_ENUM_CONVERSION = YES;
				CLANG_WARN_INFINITE_RECURSION = YES;
				CLANG_WARN_INT_CONVERSION = YES;
				CLANG_WARN_NON_LITERAL_NULL_CONVERSION = YES;
				CLANG_WARN_OBJC_IMPLICIT_RETAIN_SELF = YES;
				CLANG_WARN_OBJC_LITERAL_CONVERSION = YES;
				CLANG_WARN_OBJC_ROOT_CLASS = YES_ERROR;
				CLANG_WARN_QUOTED_INCLUDE_IN_FRAMEWORK_HEADER = YES;
				CLANG_WARN_RANGE_LOOP_ANALYSIS = YES;
				CLANG_WARN_STRICT_PROTOTYPES = YES;
				CLANG_WARN_SUSPICIOUS_MOVE = YES;
				CLANG_WARN_UNGUARDED_AVAILABILITY = YES_AGGRESSIVE;
				CLANG_WARN_UNREACHABLE_CODE = YES;
				CLANG_WARN__DUPLICATE_METHOD_MATCH = YES;
				COPY_PHASE_STRIP = NO;
				DEBUG_INFORMATION_FORMAT = dwarf;
				ENABLE_STRICT_OBJC_MSGSEND = YES;
				ENABLE_TESTABILITY = YES;
				GCC_C_LANGUAGE_STANDARD = gnu11;
				GCC_DYNAMIC_NO_PIC = NO;
				GCC_NO_COMMON_BLOCKS = YES;
				GCC_OPTIMIZATION_LEVEL = 0;
				GCC_PREPROCESSOR_DEFINITIONS = (
					"DEBUG=1",
					"$(inherited)",
				);
				GCC_WARN_64_TO_32_BIT_CONVERSION = YES;
				GCC_WARN_ABOUT_RETURN_TYPE = YES_ERROR;
				GCC_WARN_UNDECLARED_SELECTOR = YES;
				GCC_WARN_UNINITIALIZED_AUTOS = YES_AGGRESSIVE;
				GCC_WARN_UNUSED_FUNCTION = YES;
				GCC_WARN_UNUSED_VARIABLE = YES;
				IPHONEOS_DEPLOYMENT_TARGET = 16.4;
				MTL_ENABLE_DEBUG_INFO = INCLUDE_SOURCE;
				MTL_FAST_MATH = YES;
				ONLY_ACTIVE_ARCH = YES;
				SDKROOT = iphoneos;
				SWIFT_ACTIVE_COMPILATION_CONDITIONS = DEBUG;
				SWIFT_OPTIMIZATION_LEVEL = "-Onone";
			};
			name = Debug;
		};
		30AC22D72BDFAF2100322749 /* Release */ = {
			isa = XCBuildConfiguration;
			buildSettings = {
				ALWAYS_SEARCH_USER_PATHS = NO;
				CLANG_ANALYZER_NONNULL = YES;
				CLANG_ANALYZER_NUMBER_OBJECT_CONVERSION = YES_AGGRESSIVE;
				CLANG_CXX_LANGUAGE_STANDARD = "gnu++20";
				CLANG_ENABLE_MODULES = YES;
				CLANG_ENABLE_OBJC_ARC = YES;
				CLANG_ENABLE_OBJC_WEAK = YES;
				CLANG_WARN_BLOCK_CAPTURE_AUTORELEASING = YES;
				CLANG_WARN_BOOL_CONVERSION = YES;
				CLANG_WARN_COMMA = YES;
				CLANG_WARN_CONSTANT_CONVERSION = YES;
				CLANG_WARN_DEPRECATED_OBJC_IMPLEMENTATIONS = YES;
				CLANG_WARN_DIRECT_OBJC_ISA_USAGE = YES_ERROR;
				CLANG_WARN_DOCUMENTATION_COMMENTS = YES;
				CLANG_WARN_EMPTY_BODY = YES;
				CLANG_WARN_ENUM_CONVERSION = YES;
				CLANG_WARN_INFINITE_RECURSION = YES;
				CLANG_WARN_INT_CONVERSION = YES;
				CLANG_WARN_NON_LITERAL_NULL_CONVERSION = YES;
				CLANG_WARN_OBJC_IMPLICIT_RETAIN_SELF = YES;
				CLANG_WARN_OBJC_LITERAL_CONVERSION = YES;
				CLANG_WARN_OBJC_ROOT_CLASS = YES_ERROR;
				CLANG_WARN_QUOTED_INCLUDE_IN_FRAMEWORK_HEADER = YES;
				CLANG_WARN_RANGE_LOOP_ANALYSIS = YES;
				CLANG_WARN_STRICT_PROTOTYPES = YES;
				CLANG_WARN_SUSPICIOUS_MOVE = YES;
				CLANG_WARN_UNGUARDED_AVAILABILITY = YES_AGGRESSIVE;
				CLANG_WARN_UNREACHABLE_CODE = YES;
				CLANG_WARN__DUPLICATE_METHOD_MATCH = YES;
				COPY_PHASE_STRIP = NO;
				DEBUG_INFORMATION_FORMAT = "dwarf-with-dsym";
				ENABLE_NS_ASSERTIONS = NO;
				ENABLE_STRICT_OBJC_MSGSEND = YES;
				GCC_C_LANGUAGE_STANDARD = gnu11;
				GCC_NO_COMMON_BLOCKS = YES;
				GCC_WARN_64_TO_32_BIT_CONVERSION = YES;
				GCC_WARN_ABOUT_RETURN_TYPE = YES_ERROR;
				GCC_WARN_UNDECLARED_SELECTOR = YES;
				GCC_WARN_UNINITIALIZED_AUTOS = YES_AGGRESSIVE;
				GCC_WARN_UNUSED_FUNCTION = YES;
				GCC_WARN_UNUSED_VARIABLE = YES;
				IPHONEOS_DEPLOYMENT_TARGET = 16.4;
				MTL_ENABLE_DEBUG_INFO = NO;
				MTL_FAST_MATH = YES;
				SDKROOT = iphoneos;
				SWIFT_COMPILATION_MODE = wholemodule;
				SWIFT_OPTIMIZATION_LEVEL = "-O";
				VALIDATE_PRODUCT = YES;
			};
			name = Release;
		};
		30AC22D92BDFAF2100322749 /* Debug */ = {
			isa = XCBuildConfiguration;
			buildSettings = {
				ASSETCATALOG_COMPILER_APPICON_NAME = AppIcon;
				ASSETCATALOG_COMPILER_GLOBAL_ACCENT_COLOR_NAME = AccentColor;
				CODE_SIGN_STYLE = Automatic;
				CURRENT_PROJECT_VERSION = 1;
				DEVELOPMENT_TEAM = 7R6MFKUCX6;
				GENERATE_INFOPLIST_FILE = YES;
				INFOPLIST_FILE = FoodDeliveryTestApp/Info.plist;
				INFOPLIST_KEY_UIApplicationSupportsIndirectInputEvents = YES;
				INFOPLIST_KEY_UILaunchStoryboardName = LaunchScreen;
				INFOPLIST_KEY_UISupportedInterfaceOrientations_iPad = "UIInterfaceOrientationPortrait UIInterfaceOrientationPortraitUpsideDown UIInterfaceOrientationLandscapeLeft UIInterfaceOrientationLandscapeRight";
				INFOPLIST_KEY_UISupportedInterfaceOrientations_iPhone = "UIInterfaceOrientationPortrait UIInterfaceOrientationLandscapeLeft UIInterfaceOrientationLandscapeRight";
				LD_RUNPATH_SEARCH_PATHS = (
					"$(inherited)",
					"@executable_path/Frameworks",
				);
				MARKETING_VERSION = 1.0;
				PRODUCT_BUNDLE_IDENTIFIER = grommy.FoodDeliveryTestApp;
				PRODUCT_NAME = "$(TARGET_NAME)";
				SWIFT_EMIT_LOC_STRINGS = YES;
				SWIFT_VERSION = 5.0;
				TARGETED_DEVICE_FAMILY = "1,2";
			};
			name = Debug;
		};
		30AC22DA2BDFAF2100322749 /* Release */ = {
			isa = XCBuildConfiguration;
			buildSettings = {
				ASSETCATALOG_COMPILER_APPICON_NAME = AppIcon;
				ASSETCATALOG_COMPILER_GLOBAL_ACCENT_COLOR_NAME = AccentColor;
				CODE_SIGN_STYLE = Automatic;
				CURRENT_PROJECT_VERSION = 1;
				DEVELOPMENT_TEAM = 7R6MFKUCX6;
				GENERATE_INFOPLIST_FILE = YES;
				INFOPLIST_FILE = FoodDeliveryTestApp/Info.plist;
				INFOPLIST_KEY_UIApplicationSupportsIndirectInputEvents = YES;
				INFOPLIST_KEY_UILaunchStoryboardName = LaunchScreen;
				INFOPLIST_KEY_UISupportedInterfaceOrientations_iPad = "UIInterfaceOrientationPortrait UIInterfaceOrientationPortraitUpsideDown UIInterfaceOrientationLandscapeLeft UIInterfaceOrientationLandscapeRight";
				INFOPLIST_KEY_UISupportedInterfaceOrientations_iPhone = "UIInterfaceOrientationPortrait UIInterfaceOrientationLandscapeLeft UIInterfaceOrientationLandscapeRight";
				LD_RUNPATH_SEARCH_PATHS = (
					"$(inherited)",
					"@executable_path/Frameworks",
				);
				MARKETING_VERSION = 1.0;
				PRODUCT_BUNDLE_IDENTIFIER = grommy.FoodDeliveryTestApp;
				PRODUCT_NAME = "$(TARGET_NAME)";
				SWIFT_EMIT_LOC_STRINGS = YES;
				SWIFT_VERSION = 5.0;
				TARGETED_DEVICE_FAMILY = "1,2";
			};
			name = Release;
		};
/* End XCBuildConfiguration section */

/* Begin XCConfigurationList section */
		30AC22BF2BDFAF2000322749 /* Build configuration list for PBXProject "FoodDeliveryTestApp" */ = {
			isa = XCConfigurationList;
			buildConfigurations = (
				30AC22D62BDFAF2100322749 /* Debug */,
				30AC22D72BDFAF2100322749 /* Release */,
			);
			defaultConfigurationIsVisible = 0;
			defaultConfigurationName = Release;
		};
		30AC22D82BDFAF2100322749 /* Build configuration list for PBXNativeTarget "FoodDeliveryTestApp" */ = {
			isa = XCConfigurationList;
			buildConfigurations = (
				30AC22D92BDFAF2100322749 /* Debug */,
				30AC22DA2BDFAF2100322749 /* Release */,
			);
			defaultConfigurationIsVisible = 0;
			defaultConfigurationName = Release;
		};
/* End XCConfigurationList section */
	};
	rootObject = 30AC22BC2BDFAF2000322749 /* Project object */;
}
